// !$*UTF8*$!
{
	archiveVersion = 1;
	classes = {
	};
	objectVersion = 55;
	objects = {

/* Begin PBXBuildFile section */
		0849816660DD6A49D1EB92E6 /* Pods_SpaceXRocketsApp.framework in Frameworks */ = {isa = PBXBuildFile; fileRef = 0AFF748724DDD3A0BB65230D /* Pods_SpaceXRocketsApp.framework */; };
		FA031751297DBD3E005C0D80 /* LaunchesTableTableViewController.swift in Sources */ = {isa = PBXBuildFile; fileRef = FA031750297DBD3E005C0D80 /* LaunchesTableTableViewController.swift */; };
		FA031753297DBD5E005C0D80 /* LaunchesTableViewCell.swift in Sources */ = {isa = PBXBuildFile; fileRef = FA031752297DBD5E005C0D80 /* LaunchesTableViewCell.swift */; };
		FA7617D6295CD8BD00028F2B /* StorageSettings.swift in Sources */ = {isa = PBXBuildFile; fileRef = FA7617D5295CD8BD00028F2B /* StorageSettings.swift */; };
		FAC59DD7296DA94F00938606 /* SettingsTableViewController.swift in Sources */ = {isa = PBXBuildFile; fileRef = FAC59DD6296DA94F00938606 /* SettingsTableViewController.swift */; };
		FAC59DDA296DB99C00938606 /* SettingsTableViewCell.swift in Sources */ = {isa = PBXBuildFile; fileRef = FAC59DD9296DB99C00938606 /* SettingsTableViewCell.swift */; };
		FAEF03592941FE55006772A0 /* AppDelegate.swift in Sources */ = {isa = PBXBuildFile; fileRef = FAEF03582941FE55006772A0 /* AppDelegate.swift */; };
		FAEF035B2941FE55006772A0 /* SceneDelegate.swift in Sources */ = {isa = PBXBuildFile; fileRef = FAEF035A2941FE55006772A0 /* SceneDelegate.swift */; };
		FAEF035D2941FE55006772A0 /* ViewController.swift in Sources */ = {isa = PBXBuildFile; fileRef = FAEF035C2941FE55006772A0 /* ViewController.swift */; };
		FAEF03602941FE55006772A0 /* Main.storyboard in Resources */ = {isa = PBXBuildFile; fileRef = FAEF035E2941FE55006772A0 /* Main.storyboard */; };
		FAEF03622941FE56006772A0 /* Assets.xcassets in Resources */ = {isa = PBXBuildFile; fileRef = FAEF03612941FE56006772A0 /* Assets.xcassets */; };
		FAEF03652941FE56006772A0 /* LaunchScreen.storyboard in Resources */ = {isa = PBXBuildFile; fileRef = FAEF03632941FE56006772A0 /* LaunchScreen.storyboard */; };
		FAEF036E2941FE74006772A0 /* Rocket.swift in Sources */ = {isa = PBXBuildFile; fileRef = FAEF036D2941FE74006772A0 /* Rocket.swift */; };
		FAEF03702941FE80006772A0 /* Launch.swift in Sources */ = {isa = PBXBuildFile; fileRef = FAEF036F2941FE80006772A0 /* Launch.swift */; };
		FAEF03732941FED5006772A0 /* NetworkService.swift in Sources */ = {isa = PBXBuildFile; fileRef = FAEF03722941FED5006772A0 /* NetworkService.swift */; };
		FAEF2D8729530EE7002F2F9B /* MainPageViewController.swift in Sources */ = {isa = PBXBuildFile; fileRef = FAEF2D8629530EE7002F2F9B /* MainPageViewController.swift */; };
/* End PBXBuildFile section */

/* Begin PBXFileReference section */
		0AFF748724DDD3A0BB65230D /* Pods_SpaceXRocketsApp.framework */ = {isa = PBXFileReference; explicitFileType = wrapper.framework; includeInIndex = 0; path = Pods_SpaceXRocketsApp.framework; sourceTree = BUILT_PRODUCTS_DIR; };
		D8B9830E0BB522086756CCAF /* Pods-SpaceXRocketsApp.debug.xcconfig */ = {isa = PBXFileReference; includeInIndex = 1; lastKnownFileType = text.xcconfig; name = "Pods-SpaceXRocketsApp.debug.xcconfig"; path = "Target Support Files/Pods-SpaceXRocketsApp/Pods-SpaceXRocketsApp.debug.xcconfig"; sourceTree = "<group>"; };
		DB50D95AF1CF4E78176E6624 /* Pods-SpaceXRocketsApp.release.xcconfig */ = {isa = PBXFileReference; includeInIndex = 1; lastKnownFileType = text.xcconfig; name = "Pods-SpaceXRocketsApp.release.xcconfig"; path = "Target Support Files/Pods-SpaceXRocketsApp/Pods-SpaceXRocketsApp.release.xcconfig"; sourceTree = "<group>"; };
		FA031750297DBD3E005C0D80 /* LaunchesTableTableViewController.swift */ = {isa = PBXFileReference; lastKnownFileType = sourcecode.swift; path = LaunchesTableTableViewController.swift; sourceTree = "<group>"; };
		FA031752297DBD5E005C0D80 /* LaunchesTableViewCell.swift */ = {isa = PBXFileReference; lastKnownFileType = sourcecode.swift; path = LaunchesTableViewCell.swift; sourceTree = "<group>"; };
		FA7617D5295CD8BD00028F2B /* StorageSettings.swift */ = {isa = PBXFileReference; lastKnownFileType = sourcecode.swift; path = StorageSettings.swift; sourceTree = "<group>"; };
		FAC59DD6296DA94F00938606 /* SettingsTableViewController.swift */ = {isa = PBXFileReference; lastKnownFileType = sourcecode.swift; path = SettingsTableViewController.swift; sourceTree = "<group>"; };
		FAC59DD9296DB99C00938606 /* SettingsTableViewCell.swift */ = {isa = PBXFileReference; lastKnownFileType = sourcecode.swift; path = SettingsTableViewCell.swift; sourceTree = "<group>"; };
		FAEF03552941FE55006772A0 /* SpaceXRocketsApp.app */ = {isa = PBXFileReference; explicitFileType = wrapper.application; includeInIndex = 0; path = SpaceXRocketsApp.app; sourceTree = BUILT_PRODUCTS_DIR; };
		FAEF03582941FE55006772A0 /* AppDelegate.swift */ = {isa = PBXFileReference; lastKnownFileType = sourcecode.swift; path = AppDelegate.swift; sourceTree = "<group>"; };
		FAEF035A2941FE55006772A0 /* SceneDelegate.swift */ = {isa = PBXFileReference; lastKnownFileType = sourcecode.swift; path = SceneDelegate.swift; sourceTree = "<group>"; };
		FAEF035C2941FE55006772A0 /* ViewController.swift */ = {isa = PBXFileReference; lastKnownFileType = sourcecode.swift; path = ViewController.swift; sourceTree = "<group>"; };
		FAEF035F2941FE55006772A0 /* Base */ = {isa = PBXFileReference; lastKnownFileType = file.storyboard; name = Base; path = Base.lproj/Main.storyboard; sourceTree = "<group>"; };
		FAEF03612941FE56006772A0 /* Assets.xcassets */ = {isa = PBXFileReference; lastKnownFileType = folder.assetcatalog; path = Assets.xcassets; sourceTree = "<group>"; };
		FAEF03642941FE56006772A0 /* Base */ = {isa = PBXFileReference; lastKnownFileType = file.storyboard; name = Base; path = Base.lproj/LaunchScreen.storyboard; sourceTree = "<group>"; };
		FAEF03662941FE56006772A0 /* Info.plist */ = {isa = PBXFileReference; lastKnownFileType = text.plist.xml; path = Info.plist; sourceTree = "<group>"; };
		FAEF036D2941FE74006772A0 /* Rocket.swift */ = {isa = PBXFileReference; lastKnownFileType = sourcecode.swift; path = Rocket.swift; sourceTree = "<group>"; };
		FAEF036F2941FE80006772A0 /* Launch.swift */ = {isa = PBXFileReference; lastKnownFileType = sourcecode.swift; path = Launch.swift; sourceTree = "<group>"; };
		FAEF03722941FED5006772A0 /* NetworkService.swift */ = {isa = PBXFileReference; lastKnownFileType = sourcecode.swift; path = NetworkService.swift; sourceTree = "<group>"; };
		FAEF2D8629530EE7002F2F9B /* MainPageViewController.swift */ = {isa = PBXFileReference; lastKnownFileType = sourcecode.swift; path = MainPageViewController.swift; sourceTree = "<group>"; };
/* End PBXFileReference section */

/* Begin PBXFrameworksBuildPhase section */
		FAEF03522941FE55006772A0 /* Frameworks */ = {
			isa = PBXFrameworksBuildPhase;
			buildActionMask = 2147483647;
			files = (
				0849816660DD6A49D1EB92E6 /* Pods_SpaceXRocketsApp.framework in Frameworks */,
			);
			runOnlyForDeploymentPostprocessing = 0;
		};
/* End PBXFrameworksBuildPhase section */

/* Begin PBXGroup section */
		732E45B3EF01961DFE21F415 /* Pods */ = {
			isa = PBXGroup;
			children = (
				D8B9830E0BB522086756CCAF /* Pods-SpaceXRocketsApp.debug.xcconfig */,
				DB50D95AF1CF4E78176E6624 /* Pods-SpaceXRocketsApp.release.xcconfig */,
			);
			path = Pods;
			sourceTree = "<group>";
		};
		AA5DB35B0B633257EDAA6AAC /* Frameworks */ = {
			isa = PBXGroup;
			children = (
				0AFF748724DDD3A0BB65230D /* Pods_SpaceXRocketsApp.framework */,
			);
			name = Frameworks;
			sourceTree = "<group>";
		};
		FAC59DD8296DB92700938606 /* CustomSell */ = {
			isa = PBXGroup;
			children = (
				FAC59DD9296DB99C00938606 /* SettingsTableViewCell.swift */,
				FA031752297DBD5E005C0D80 /* LaunchesTableViewCell.swift */,
			);
			path = CustomSell;
			sourceTree = "<group>";
		};
		FAEF034C2941FE55006772A0 = {
			isa = PBXGroup;
			children = (
				FAEF03572941FE55006772A0 /* SpaceXRocketsApp */,
				FAEF03562941FE55006772A0 /* Products */,
				732E45B3EF01961DFE21F415 /* Pods */,
				AA5DB35B0B633257EDAA6AAC /* Frameworks */,
			);
			sourceTree = "<group>";
		};
		FAEF03562941FE55006772A0 /* Products */ = {
			isa = PBXGroup;
			children = (
				FAEF03552941FE55006772A0 /* SpaceXRocketsApp.app */,
			);
			name = Products;
			sourceTree = "<group>";
		};
		FAEF03572941FE55006772A0 /* SpaceXRocketsApp */ = {
			isa = PBXGroup;
			children = (
				FAEF03752941FF0D006772A0 /* ViewController */,
				FAC59DD8296DB92700938606 /* CustomSell */,
				FAEF036C2941FE60006772A0 /* Model */,
				FAEF03712941FEB2006772A0 /* Service */,
				FAEF03762941FF30006772A0 /* StoryBoard */,
				FAEF03742941FEF6006772A0 /* SupportFile */,
				FAEF03612941FE56006772A0 /* Assets.xcassets */,
				FAEF03662941FE56006772A0 /* Info.plist */,
			);
			path = SpaceXRocketsApp;
			sourceTree = "<group>";
		};
		FAEF036C2941FE60006772A0 /* Model */ = {
			isa = PBXGroup;
			children = (
				FAEF036D2941FE74006772A0 /* Rocket.swift */,
				FAEF036F2941FE80006772A0 /* Launch.swift */,
			);
			path = Model;
			sourceTree = "<group>";
		};
		FAEF03712941FEB2006772A0 /* Service */ = {
			isa = PBXGroup;
			children = (
				FAEF03722941FED5006772A0 /* NetworkService.swift */,
				FA7617D5295CD8BD00028F2B /* StorageSettings.swift */,
			);
			path = Service;
			sourceTree = "<group>";
		};
		FAEF03742941FEF6006772A0 /* SupportFile */ = {
			isa = PBXGroup;
			children = (
				FAEF035A2941FE55006772A0 /* SceneDelegate.swift */,
				FAEF03582941FE55006772A0 /* AppDelegate.swift */,
			);
			path = SupportFile;
			sourceTree = "<group>";
		};
		FAEF03752941FF0D006772A0 /* ViewController */ = {
			isa = PBXGroup;
			children = (
				FAEF035C2941FE55006772A0 /* ViewController.swift */,
				FAEF2D8629530EE7002F2F9B /* MainPageViewController.swift */,
				FAC59DD6296DA94F00938606 /* SettingsTableViewController.swift */,
				FA031750297DBD3E005C0D80 /* LaunchesTableTableViewController.swift */,
			);
			path = ViewController;
			sourceTree = "<group>";
		};
		FAEF03762941FF30006772A0 /* StoryBoard */ = {
			isa = PBXGroup;
			children = (
				FAEF035E2941FE55006772A0 /* Main.storyboard */,
				FAEF03632941FE56006772A0 /* LaunchScreen.storyboard */,
			);
			path = StoryBoard;
			sourceTree = "<group>";
		};
/* End PBXGroup section */

/* Begin PBXNativeTarget section */
		FAEF03542941FE55006772A0 /* SpaceXRocketsApp */ = {
			isa = PBXNativeTarget;
			buildConfigurationList = FAEF03692941FE56006772A0 /* Build configuration list for PBXNativeTarget "SpaceXRocketsApp" */;
			buildPhases = (
				FAEF037729420319006772A0 /* ShellScript */,
				35D7F465AA619AE29C964B13 /* [CP] Check Pods Manifest.lock */,
				FAEF03512941FE55006772A0 /* Sources */,
				FAEF03522941FE55006772A0 /* Frameworks */,
				FAEF03532941FE55006772A0 /* Resources */,
			);
			buildRules = (
			);
			dependencies = (
			);
			name = SpaceXRocketsApp;
			productName = SpaceXRocketsApp;
			productReference = FAEF03552941FE55006772A0 /* SpaceXRocketsApp.app */;
			productType = "com.apple.product-type.application";
		};
/* End PBXNativeTarget section */

/* Begin PBXProject section */
		FAEF034D2941FE55006772A0 /* Project object */ = {
			isa = PBXProject;
			attributes = {
				BuildIndependentTargetsInParallel = 1;
				LastSwiftUpdateCheck = 1320;
				LastUpgradeCheck = 1320;
				TargetAttributes = {
					FAEF03542941FE55006772A0 = {
						CreatedOnToolsVersion = 13.2.1;
					};
				};
			};
			buildConfigurationList = FAEF03502941FE55006772A0 /* Build configuration list for PBXProject "SpaceXRocketsApp" */;
			compatibilityVersion = "Xcode 13.0";
			developmentRegion = en;
			hasScannedForEncodings = 0;
			knownRegions = (
				en,
				Base,
			);
			mainGroup = FAEF034C2941FE55006772A0;
			productRefGroup = FAEF03562941FE55006772A0 /* Products */;
			projectDirPath = "";
			projectRoot = "";
			targets = (
				FAEF03542941FE55006772A0 /* SpaceXRocketsApp */,
			);
		};
/* End PBXProject section */

/* Begin PBXResourcesBuildPhase section */
		FAEF03532941FE55006772A0 /* Resources */ = {
			isa = PBXResourcesBuildPhase;
			buildActionMask = 2147483647;
			files = (
				FAEF03652941FE56006772A0 /* LaunchScreen.storyboard in Resources */,
				FAEF03622941FE56006772A0 /* Assets.xcassets in Resources */,
				FAEF03602941FE55006772A0 /* Main.storyboard in Resources */,
			);
			runOnlyForDeploymentPostprocessing = 0;
		};
/* End PBXResourcesBuildPhase section */

/* Begin PBXShellScriptBuildPhase section */
		35D7F465AA619AE29C964B13 /* [CP] Check Pods Manifest.lock */ = {
			isa = PBXShellScriptBuildPhase;
			buildActionMask = 2147483647;
			files = (
			);
			inputFileListPaths = (
			);
			inputPaths = (
				"${PODS_PODFILE_DIR_PATH}/Podfile.lock",
				"${PODS_ROOT}/Manifest.lock",
			);
			name = "[CP] Check Pods Manifest.lock";
			outputFileListPaths = (
			);
			outputPaths = (
				"$(DERIVED_FILE_DIR)/Pods-SpaceXRocketsApp-checkManifestLockResult.txt",
			);
			runOnlyForDeploymentPostprocessing = 0;
			shellPath = /bin/sh;
			shellScript = "diff \"${PODS_PODFILE_DIR_PATH}/Podfile.lock\" \"${PODS_ROOT}/Manifest.lock\" > /dev/null\nif [ $? != 0 ] ; then\n    # print error to STDERR\n    echo \"error: The sandbox is not in sync with the Podfile.lock. Run 'pod install' or update your CocoaPods installation.\" >&2\n    exit 1\nfi\n# This output is used by Xcode 'outputs' to avoid re-running this script phase.\necho \"SUCCESS\" > \"${SCRIPT_OUTPUT_FILE_0}\"\n";
			showEnvVarsInLog = 0;
		};
		FAEF037729420319006772A0 /* ShellScript */ = {
			isa = PBXShellScriptBuildPhase;
			buildActionMask = 2147483647;
			files = (
			);
			inputFileListPaths = (
			);
			inputPaths = (
			);
			outputFileListPaths = (
			);
			outputPaths = (
			);
			runOnlyForDeploymentPostprocessing = 0;
			shellPath = /bin/sh;
			shellScript = "
";
		};
/* End PBXShellScriptBuildPhase section */

/* Begin PBXSourcesBuildPhase section */
		FAEF03512941FE55006772A0 /* Sources */ = {
			isa = PBXSourcesBuildPhase;
			buildActionMask = 2147483647;
			files = (
				FAEF035D2941FE55006772A0 /* ViewController.swift in Sources */,
				FAEF2D8729530EE7002F2F9B /* MainPageViewController.swift in Sources */,
				FAEF03592941FE55006772A0 /* AppDelegate.swift in Sources */,
				FAEF035B2941FE55006772A0 /* SceneDelegate.swift in Sources */,
				FAEF03702941FE80006772A0 /* Launch.swift in Sources */,
				FAEF03732941FED5006772A0 /* NetworkService.swift in Sources */,
				FAEF036E2941FE74006772A0 /* Rocket.swift in Sources */,
				FA7617D6295CD8BD00028F2B /* StorageSettings.swift in Sources */,
				FA031753297DBD5E005C0D80 /* LaunchesTableViewCell.swift in Sources */,
				FAC59DDA296DB99C00938606 /* SettingsTableViewCell.swift in Sources */,
				FAC59DD7296DA94F00938606 /* SettingsTableViewController.swift in Sources */,
				FA031751297DBD3E005C0D80 /* LaunchesTableTableViewController.swift in Sources */,
			);
			runOnlyForDeploymentPostprocessing = 0;
		};
/* End PBXSourcesBuildPhase section */

/* Begin PBXVariantGroup section */
		FAEF035E2941FE55006772A0 /* Main.storyboard */ = {
			isa = PBXVariantGroup;
			children = (
				FAEF035F2941FE55006772A0 /* Base */,
			);
			name = Main.storyboard;
			sourceTree = "<group>";
		};
		FAEF03632941FE56006772A0 /* LaunchScreen.storyboard */ = {
			isa = PBXVariantGroup;
			children = (
				FAEF03642941FE56006772A0 /* Base */,
			);
			name = LaunchScreen.storyboard;
			sourceTree = "<group>";
		};
/* End PBXVariantGroup section */

/* Begin XCBuildConfiguration section */
		FAEF03672941FE56006772A0 /* Debug */ = {
			isa = XCBuildConfiguration;
			buildSettings = {
				ALWAYS_SEARCH_USER_PATHS = NO;
				CLANG_ANALYZER_NONNULL = YES;
				CLANG_ANALYZER_NUMBER_OBJECT_CONVERSION = YES_AGGRESSIVE;
				CLANG_CXX_LANGUAGE_STANDARD = "gnu++17";
				CLANG_CXX_LIBRARY = "libc++";
				CLANG_ENABLE_MODULES = YES;
				CLANG_ENABLE_OBJC_ARC = YES;
				CLANG_ENABLE_OBJC_WEAK = YES;
				CLANG_WARN_BLOCK_CAPTURE_AUTORELEASING = YES;
				CLANG_WARN_BOOL_CONVERSION = YES;
				CLANG_WARN_COMMA = YES;
				CLANG_WARN_CONSTANT_CONVERSION = YES;
				CLANG_WARN_DEPRECATED_OBJC_IMPLEMENTATIONS = YES;
				CLANG_WARN_DIRECT_OBJC_ISA_USAGE = YES_ERROR;
				CLANG_WARN_DOCUMENTATION_COMMENTS = YES;
				CLANG_WARN_EMPTY_BODY = YES;
				CLANG_WARN_ENUM_CONVERSION = YES;
				CLANG_WARN_INFINITE_RECURSION = YES;
				CLANG_WARN_INT_CONVERSION = YES;
				CLANG_WARN_NON_LITERAL_NULL_CONVERSION = YES;
				CLANG_WARN_OBJC_IMPLICIT_RETAIN_SELF = YES;
				CLANG_WARN_OBJC_LITERAL_CONVERSION = YES;
				CLANG_WARN_OBJC_ROOT_CLASS = YES_ERROR;
				CLANG_WARN_QUOTED_INCLUDE_IN_FRAMEWORK_HEADER = YES;
				CLANG_WARN_RANGE_LOOP_ANALYSIS = YES;
				CLANG_WARN_STRICT_PROTOTYPES = YES;
				CLANG_WARN_SUSPICIOUS_MOVE = YES;
				CLANG_WARN_UNGUARDED_AVAILABILITY = YES_AGGRESSIVE;
				CLANG_WARN_UNREACHABLE_CODE = YES;
				CLANG_WARN__DUPLICATE_METHOD_MATCH = YES;
				COPY_PHASE_STRIP = NO;
				DEBUG_INFORMATION_FORMAT = dwarf;
				ENABLE_STRICT_OBJC_MSGSEND = YES;
				ENABLE_TESTABILITY = YES;
				GCC_C_LANGUAGE_STANDARD = gnu11;
				GCC_DYNAMIC_NO_PIC = NO;
				GCC_NO_COMMON_BLOCKS = YES;
				GCC_OPTIMIZATION_LEVEL = 0;
				GCC_PREPROCESSOR_DEFINITIONS = (
					"DEBUG=1",
					"$(inherited)",
				);
				GCC_WARN_64_TO_32_BIT_CONVERSION = YES;
				GCC_WARN_ABOUT_RETURN_TYPE = YES_ERROR;
				GCC_WARN_UNDECLARED_SELECTOR = YES;
				GCC_WARN_UNINITIALIZED_AUTOS = YES_AGGRESSIVE;
				GCC_WARN_UNUSED_FUNCTION = YES;
				GCC_WARN_UNUSED_VARIABLE = YES;
				IPHONEOS_DEPLOYMENT_TARGET = 15.2;
				MTL_ENABLE_DEBUG_INFO = INCLUDE_SOURCE;
				MTL_FAST_MATH = YES;
				ONLY_ACTIVE_ARCH = YES;
				SDKROOT = iphoneos;
				SWIFT_ACTIVE_COMPILATION_CONDITIONS = DEBUG;
				SWIFT_OPTIMIZATION_LEVEL = "-Onone";
			};
			name = Debug;
		};
		FAEF03682941FE56006772A0 /* Release */ = {
			isa = XCBuildConfiguration;
			buildSettings = {
				ALWAYS_SEARCH_USER_PATHS = NO;
				CLANG_ANALYZER_NONNULL = YES;
				CLANG_ANALYZER_NUMBER_OBJECT_CONVERSION = YES_AGGRESSIVE;
				CLANG_CXX_LANGUAGE_STANDARD = "gnu++17";
				CLANG_CXX_LIBRARY = "libc++";
				CLANG_ENABLE_MODULES = YES;
				CLANG_ENABLE_OBJC_ARC = YES;
				CLANG_ENABLE_OBJC_WEAK = YES;
				CLANG_WARN_BLOCK_CAPTURE_AUTORELEASING = YES;
				CLANG_WARN_BOOL_CONVERSION = YES;
				CLANG_WARN_COMMA = YES;
				CLANG_WARN_CONSTANT_CONVERSION = YES;
				CLANG_WARN_DEPRECATED_OBJC_IMPLEMENTATIONS = YES;
				CLANG_WARN_DIRECT_OBJC_ISA_USAGE = YES_ERROR;
				CLANG_WARN_DOCUMENTATION_COMMENTS = YES;
				CLANG_WARN_EMPTY_BODY = YES;
				CLANG_WARN_ENUM_CONVERSION = YES;
				CLANG_WARN_INFINITE_RECURSION = YES;
				CLANG_WARN_INT_CONVERSION = YES;
				CLANG_WARN_NON_LITERAL_NULL_CONVERSION = YES;
				CLANG_WARN_OBJC_IMPLICIT_RETAIN_SELF = YES;
				CLANG_WARN_OBJC_LITERAL_CONVERSION = YES;
				CLANG_WARN_OBJC_ROOT_CLASS = YES_ERROR;
				CLANG_WARN_QUOTED_INCLUDE_IN_FRAMEWORK_HEADER = YES;
				CLANG_WARN_RANGE_LOOP_ANALYSIS = YES;
				CLANG_WARN_STRICT_PROTOTYPES = YES;
				CLANG_WARN_SUSPICIOUS_MOVE = YES;
				CLANG_WARN_UNGUARDED_AVAILABILITY = YES_AGGRESSIVE;
				CLANG_WARN_UNREACHABLE_CODE = YES;
				CLANG_WARN__DUPLICATE_METHOD_MATCH = YES;
				COPY_PHASE_STRIP = NO;
				DEBUG_INFORMATION_FORMAT = "dwarf-with-dsym";
				ENABLE_NS_ASSERTIONS = NO;
				ENABLE_STRICT_OBJC_MSGSEND = YES;
				GCC_C_LANGUAGE_STANDARD = gnu11;
				GCC_NO_COMMON_BLOCKS = YES;
				GCC_WARN_64_TO_32_BIT_CONVERSION = YES;
				GCC_WARN_ABOUT_RETURN_TYPE = YES_ERROR;
				GCC_WARN_UNDECLARED_SELECTOR = YES;
				GCC_WARN_UNINITIALIZED_AUTOS = YES_AGGRESSIVE;
				GCC_WARN_UNUSED_FUNCTION = YES;
				GCC_WARN_UNUSED_VARIABLE = YES;
				IPHONEOS_DEPLOYMENT_TARGET = 15.2;
				MTL_ENABLE_DEBUG_INFO = NO;
				MTL_FAST_MATH = YES;
				SDKROOT = iphoneos;
				SWIFT_COMPILATION_MODE = wholemodule;
				SWIFT_OPTIMIZATION_LEVEL = "-O";
				VALIDATE_PRODUCT = YES;
			};
			name = Release;
		};
		FAEF036A2941FE56006772A0 /* Debug */ = {
			isa = XCBuildConfiguration;
			baseConfigurationReference = D8B9830E0BB522086756CCAF /* Pods-SpaceXRocketsApp.debug.xcconfig */;
			buildSettings = {
				ASSETCATALOG_COMPILER_APPICON_NAME = AppIcon;
				ASSETCATALOG_COMPILER_GLOBAL_ACCENT_COLOR_NAME = AccentColor;
				CODE_SIGN_STYLE = Automatic;
				CURRENT_PROJECT_VERSION = 1;
				DEVELOPMENT_TEAM = 4URKV6V579;
				GENERATE_INFOPLIST_FILE = YES;
				INFOPLIST_FILE = SpaceXRocketsApp/Info.plist;
				INFOPLIST_KEY_UIApplicationSupportsIndirectInputEvents = YES;
				INFOPLIST_KEY_UILaunchStoryboardName = LaunchScreen;
				INFOPLIST_KEY_UIMainStoryboardFile = Main;
				INFOPLIST_KEY_UISupportedInterfaceOrientations_iPad = "UIInterfaceOrientationPortrait UIInterfaceOrientationPortraitUpsideDown UIInterfaceOrientationLandscapeLeft UIInterfaceOrientationLandscapeRight";
				INFOPLIST_KEY_UISupportedInterfaceOrientations_iPhone = "UIInterfaceOrientationPortrait UIInterfaceOrientationLandscapeLeft UIInterfaceOrientationLandscapeRight";
				LD_RUNPATH_SEARCH_PATHS = (
					"$(inherited)",
					"@executable_path/Frameworks",
				);
				MARKETING_VERSION = 1.0;
				PRODUCT_BUNDLE_IDENTIFIER = LazarevPavel.SpaceXRocketsApp;
				PRODUCT_NAME = "$(TARGET_NAME)";
				SWIFT_EMIT_LOC_STRINGS = YES;
				SWIFT_VERSION = 5.0;
				TARGETED_DEVICE_FAMILY = 1;
			};
			name = Debug;
		};
		FAEF036B2941FE56006772A0 /* Release */ = {
			isa = XCBuildConfiguration;
			baseConfigurationReference = DB50D95AF1CF4E78176E6624 /* Pods-SpaceXRocketsApp.release.xcconfig */;
			buildSettings = {
				ASSETCATALOG_COMPILER_APPICON_NAME = AppIcon;
				ASSETCATALOG_COMPILER_GLOBAL_ACCENT_COLOR_NAME = AccentColor;
				CODE_SIGN_STYLE = Automatic;
				CURRENT_PROJECT_VERSION = 1;
				DEVELOPMENT_TEAM = 4URKV6V579;
				GENERATE_INFOPLIST_FILE = YES;
				INFOPLIST_FILE = SpaceXRocketsApp/Info.plist;
				INFOPLIST_KEY_UIApplicationSupportsIndirectInputEvents = YES;
				INFOPLIST_KEY_UILaunchStoryboardName = LaunchScreen;
				INFOPLIST_KEY_UIMainStoryboardFile = Main;
				INFOPLIST_KEY_UISupportedInterfaceOrientations_iPad = "UIInterfaceOrientationPortrait UIInterfaceOrientationPortraitUpsideDown UIInterfaceOrientationLandscapeLeft UIInterfaceOrientationLandscapeRight";
				INFOPLIST_KEY_UISupportedInterfaceOrientations_iPhone = "UIInterfaceOrientationPortrait UIInterfaceOrientationLandscapeLeft UIInterfaceOrientationLandscapeRight";
				LD_RUNPATH_SEARCH_PATHS = (
					"$(inherited)",
					"@executable_path/Frameworks",
				);
				MARKETING_VERSION = 1.0;
				PRODUCT_BUNDLE_IDENTIFIER = LazarevPavel.SpaceXRocketsApp;
				PRODUCT_NAME = "$(TARGET_NAME)";
				SWIFT_EMIT_LOC_STRINGS = YES;
				SWIFT_VERSION = 5.0;
				TARGETED_DEVICE_FAMILY = 1;
			};
			name = Release;
		};
/* End XCBuildConfiguration section */

/* Begin XCConfigurationList section */
		FAEF03502941FE55006772A0 /* Build configuration list for PBXProject "SpaceXRocketsApp" */ = {
			isa = XCConfigurationList;
			buildConfigurations = (
				FAEF03672941FE56006772A0 /* Debug */,
				FAEF03682941FE56006772A0 /* Release */,
			);
			defaultConfigurationIsVisible = 0;
			defaultConfigurationName = Release;
		};
		FAEF03692941FE56006772A0 /* Build configuration list for PBXNativeTarget "SpaceXRocketsApp" */ = {
			isa = XCConfigurationList;
			buildConfigurations = (
				FAEF036A2941FE56006772A0 /* Debug */,
				FAEF036B2941FE56006772A0 /* Release */,
			);
			defaultConfigurationIsVisible = 0;
			defaultConfigurationName = Release;
		};
/* End XCConfigurationList section */
	};
	rootObject = FAEF034D2941FE55006772A0 /* Project object */;
}
